
Microsoft Visual Studio Solution File, Format Version 12.00
# Visual Studio Version 17
VisualStudioVersion = 17.8.34525.116
MinimumVisualStudioVersion = 10.0.40219.1
Project("{9A19103F-16F7-4668-BE54-9A1E7A4F7556}") = "BulkyWeb", "BulkyWeb\BulkyWeb.csproj", "{02365A9D-28EC-4F63-BFBC-CC212F8A114B}"
EndProject
Project("{FAE04EC0-301F-11D3-BF4B-00C04F79EFBC}") = "Bulky.DataAccess", "Bulky.DataAccess\Bulky.DataAccess.csproj", "{6815695D-76B5-4903-B63D-670CAD44F728}"
EndProject
Project("{FAE04EC0-301F-11D3-BF4B-00C04F79EFBC}") = "Bulky.Models", "Bulky.Models\Bulky.Models.csproj", "{9DB1C6E5-166A-42F9-BAB8-67D07FDC25E7}"
EndProject
Project("{FAE04EC0-301F-11D3-BF4B-00C04F79EFBC}") = "Bulky.Utility", "Bulky.Utility\Bulky.Utility.csproj", "{0EE0012D-9E44-496D-B28B-8CC6105E63DA}"
EndProject
Global
	GlobalSection(SolutionConfigurationPlatforms) = preSolution
		Debug|Any CPU = Debug|Any CPU
		Release|Any CPU = Release|Any CPU
	EndGlobalSection
	GlobalSection(ProjectConfigurationPlatforms) = postSolution
		{02365A9D-28EC-4F63-BFBC-CC212F8A114B}.Debug|Any CPU.ActiveCfg = Debug|Any CPU
		{02365A9D-28EC-4F63-BFBC-CC212F8A114B}.Debug|Any CPU.Build.0 = Debug|Any CPU
		{02365A9D-28EC-4F63-BFBC-CC212F8A114B}.Release|Any CPU.ActiveCfg = Release|Any CPU
		{02365A9D-28EC-4F63-BFBC-CC212F8A114B}.Release|Any CPU.Build.0 = Release|Any CPU
		{6815695D-76B5-4903-B63D-670CAD44F728}.Debug|Any CPU.ActiveCfg = Debug|Any CPU
		{6815695D-76B5-4903-B63D-670CAD44F728}.Debug|Any CPU.Build.0 = Debug|Any CPU
		{6815695D-76B5-4903-B63D-670CAD44F728}.Release|Any CPU.ActiveCfg = Release|Any CPU
		{6815695D-76B5-4903-B63D-670CAD44F728}.Release|Any CPU.Build.0 = Release|Any CPU
		{9DB1C6E5-166A-42F9-BAB8-67D07FDC25E7}.Debug|Any CPU.ActiveCfg = Debug|Any CPU
		{9DB1C6E5-166A-42F9-BAB8-67D07FDC25E7}.Debug|Any CPU.Build.0 = Debug|Any CPU
		{9DB1C6E5-166A-42F9-BAB8-67D07FDC25E7}.Release|Any CPU.ActiveCfg = Release|Any CPU
		{9DB1C6E5-166A-42F9-BAB8-67D07FDC25E7}.Release|Any CPU.Build.0 = Release|Any CPU
		{0EE0012D-9E44-496D-B28B-8CC6105E63DA}.Debug|Any CPU.ActiveCfg = Debug|Any CPU
		{0EE0012D-9E44-496D-B28B-8CC6105E63DA}.Debug|Any CPU.Build.0 = Debug|Any CPU
		{0EE0012D-9E44-496D-B28B-8CC6105E63DA}.Release|Any CPU.ActiveCfg = Release|Any CPU
		{0EE0012D-9E44-496D-B28B-8CC6105E63DA}.Release|Any CPU.Build.0 = Release|Any CPU
	EndGlobalSection
	GlobalSection(SolutionProperties) = preSolution
		HideSolutionNode = FALSE
	EndGlobalSection
	GlobalSection(ExtensibilityGlobals) = postSolution
		SolutionGuid = {900214C5-4B17-4717-A1BA-3DF840C42397}
	EndGlobalSection
EndGlobal
